
Microsoft Visual Studio Solution File, Format Version 12.00
# Visual Studio Version 17
VisualStudioVersion = 17.5.002.0
MinimumVisualStudioVersion = 10.0.40219.1
Project("{2150E333-8FDC-42A3-9474-1A3956D46DE8}") = "react-global-online-summit-2023", "react-global-online-summit-2023", "{31D7ADD9-C225-4B9E-AEE2-7EF49A58F820}"
EndProject
Project("{9A19103F-16F7-4668-BE54-9A1E7A4F7556}") = "MVC", "react-global-online-summit-2023\Server\MVC.csproj", "{5D42CEF4-5D69-4683-A2E5-273C66DD54DF}"
EndProject
Global
	GlobalSection(SolutionConfigurationPlatforms) = preSolution
		Debug|Any CPU = Debug|Any CPU
		Release|Any CPU = Release|Any CPU
	EndGlobalSection
	GlobalSection(ProjectConfigurationPlatforms) = postSolution
		{5D42CEF4-5D69-4683-A2E5-273C66DD54DF}.Debug|Any CPU.ActiveCfg = Debug|Any CPU
		{5D42CEF4-5D69-4683-A2E5-273C66DD54DF}.Debug|Any CPU.Build.0 = Debug|Any CPU
		{5D42CEF4-5D69-4683-A2E5-273C66DD54DF}.Release|Any CPU.ActiveCfg = Release|Any CPU
		{5D42CEF4-5D69-4683-A2E5-273C66DD54DF}.Release|Any CPU.Build.0 = Release|Any CPU
	EndGlobalSection
	GlobalSection(SolutionProperties) = preSolution
		HideSolutionNode = FALSE
	EndGlobalSection
	GlobalSection(NestedProjects) = preSolution
		{5D42CEF4-5D69-4683-A2E5-273C66DD54DF} = {31D7ADD9-C225-4B9E-AEE2-7EF49A58F820}
	EndGlobalSection
	GlobalSection(ExtensibilityGlobals) = postSolution
		SolutionGuid = {B5E9C8CF-94C5-432F-97BB-7B2C338EEFD4}
	EndGlobalSection
EndGlobal
